
Microsoft Visual Studio Solution File, Format Version 12.00
# Visual Studio Version 17
VisualStudioVersion = 17.1.32407.343
MinimumVisualStudioVersion = 10.0.40219.1
Project("{FAE04EC0-301F-11D3-BF4B-00C04F79EFBC}") = "gun1proje1", "gun1proje1.csproj", "{DB48CEE0-EE49-4D08-9D39-432389C2294C}"
EndProject
Global
	GlobalSection(SolutionConfigurationPlatforms) = preSolution
		Debug|Any CPU = Debug|Any CPU
		Release|Any CPU = Release|Any CPU
	EndGlobalSection
	GlobalSection(ProjectConfigurationPlatforms) = postSolution
		{DB48CEE0-EE49-4D08-9D39-432389C2294C}.Debug|Any CPU.ActiveCfg = Debug|Any CPU
		{DB48CEE0-EE49-4D08-9D39-432389C2294C}.Debug|Any CPU.Build.0 = Debug|Any CPU
		{DB48CEE0-EE49-4D08-9D39-432389C2294C}.Release|Any CPU.ActiveCfg = Release|Any CPU
		{DB48CEE0-EE49-4D08-9D39-432389C2294C}.Release|Any CPU.Build.0 = Release|Any CPU
	EndGlobalSection
	GlobalSection(SolutionProperties) = preSolution
		HideSolutionNode = FALSE
	EndGlobalSection
	GlobalSection(ExtensibilityGlobals) = postSolution
		SolutionGuid = {6EB8A258-7B97-45B2-92A6-2198FD7F44CA}
	EndGlobalSection
EndGlobal
